
Microsoft Visual Studio Solution File, Format Version 12.00
# Visual Studio 15
VisualStudioVersion = 15.0.27428.2005
MinimumVisualStudioVersion = 10.0.40219.1
Project("{FAE04EC0-301F-11D3-BF4B-00C04F79EFBC}") = "PcStoreWebsite", "PcStoreWebsite\PcStoreWebsite.csproj", "{80D39382-F461-44AD-89DD-C4666EA98FC0}"
EndProject
Global
	GlobalSection(SolutionConfigurationPlatforms) = preSolution
		Debug|Any CPU = Debug|Any CPU
		Release|Any CPU = Release|Any CPU
	EndGlobalSection
	GlobalSection(ProjectConfigurationPlatforms) = postSolution
		{80D39382-F461-44AD-89DD-C4666EA98FC0}.Debug|Any CPU.ActiveCfg = Debug|Any CPU
		{80D39382-F461-44AD-89DD-C4666EA98FC0}.Debug|Any CPU.Build.0 = Debug|Any CPU
		{80D39382-F461-44AD-89DD-C4666EA98FC0}.Release|Any CPU.ActiveCfg = Release|Any CPU
		{80D39382-F461-44AD-89DD-C4666EA98FC0}.Release|Any CPU.Build.0 = Release|Any CPU
	EndGlobalSection
	GlobalSection(SolutionProperties) = preSolution
		HideSolutionNode = FALSE
	EndGlobalSection
	GlobalSection(ExtensibilityGlobals) = postSolution
		SolutionGuid = {266CCEA0-FA40-4D75-98AE-96E8C9FC0012}
	EndGlobalSection
EndGlobal
